
Microsoft Visual Studio Solution File, Format Version 12.00
Project("{FAE04EC0-301F-11D3-BF4B-00C04F79EFBC}") = "SampleCombat", "SampleCombat\SampleCombat.csproj", "{FC9291F9-CAA9-4D00-8A3D-4A9E29C6BEC0}"
EndProject
Project("{FAE04EC0-301F-11D3-BF4B-00C04F79EFBC}") = "CombatDicesTeam.Combats", "..\..\src\CombatDicesTeam.Combats\CombatDicesTeam.Combats.csproj", "{837FC16B-F4CE-479B-A655-B756C1FEB7FD}"
EndProject
Global
	GlobalSection(SolutionConfigurationPlatforms) = preSolution
		Debug|Any CPU = Debug|Any CPU
		Release|Any CPU = Release|Any CPU
	EndGlobalSection
	GlobalSection(ProjectConfigurationPlatforms) = postSolution
		{FC9291F9-CAA9-4D00-8A3D-4A9E29C6BEC0}.Debug|Any CPU.ActiveCfg = Debug|Any CPU
		{FC9291F9-CAA9-4D00-8A3D-4A9E29C6BEC0}.Debug|Any CPU.Build.0 = Debug|Any CPU
		{FC9291F9-CAA9-4D00-8A3D-4A9E29C6BEC0}.Release|Any CPU.ActiveCfg = Release|Any CPU
		{FC9291F9-CAA9-4D00-8A3D-4A9E29C6BEC0}.Release|Any CPU.Build.0 = Release|Any CPU
		{837FC16B-F4CE-479B-A655-B756C1FEB7FD}.Debug|Any CPU.ActiveCfg = Debug|Any CPU
		{837FC16B-F4CE-479B-A655-B756C1FEB7FD}.Debug|Any CPU.Build.0 = Debug|Any CPU
		{837FC16B-F4CE-479B-A655-B756C1FEB7FD}.Release|Any CPU.ActiveCfg = Release|Any CPU
		{837FC16B-F4CE-479B-A655-B756C1FEB7FD}.Release|Any CPU.Build.0 = Release|Any CPU
	EndGlobalSection
EndGlobal
